
Microsoft Visual Studio Solution File, Format Version 12.00
# Visual Studio Version 18
VisualStudioVersion = 18.1.11312.151
MinimumVisualStudioVersion = 10.0.40219.1
Project("{FAE04EC0-301F-11D3-BF4B-00C04F79EFBC}") = "LVGLSharp.Core", "src\LVGLSharp.Core\LVGLSharp.Core.csproj", "{D065EC18-6DB2-41BF-9573-99E071BB18C5}"
EndProject
Project("{2150E333-8FDC-42A3-9474-1A3956D46DE8}") = "Demos", "Demos", "{02EA681E-C7D8-13C7-8484-4AC65E1B71E8}"
EndProject
Project("{FAE04EC0-301F-11D3-BF4B-00C04F79EFBC}") = "SerialPort", "src\Demos\SerialPort\SerialPort.csproj", "{D371C54A-E3C9-40EB-BCBD-9FEDB246AE76}"
EndProject
Project("{FAE04EC0-301F-11D3-BF4B-00C04F79EFBC}") = "LVGLSharp.Runtime.Windows", "src\LVGLSharp.Windows\LVGLSharp.Runtime.Windows.csproj", "{91F173AD-9AF0-F87F-FEF3-7E4742BABCB3}"
EndProject
Project("{FAE04EC0-301F-11D3-BF4B-00C04F79EFBC}") = "LVGLSharp.Runtime.Linux", "src\LVGLSharp.Runtime.Linux\LVGLSharp.Runtime.Linux.csproj", "{8836E179-4FC7-4EAD-AD1B-91BFA30DD3F7}"
EndProject
Project("{FAE04EC0-301F-11D3-BF4B-00C04F79EFBC}") = "LVGLSharp.Interop", "src\LVGLSharp.Interop\LVGLSharp.Interop.csproj", "{6EF0D260-CD1A-5486-DB08-B17DB37F29D7}"
EndProject
Project("{FAE04EC0-301F-11D3-BF4B-00C04F79EFBC}") = "WinFormsDemo", "src\Demos\WinFormsDemo\WinFormsDemo.csproj", "{8A4F7729-413F-4FCE-9722-510825308631}"
EndProject
Project("{FAE04EC0-301F-11D3-BF4B-00C04F79EFBC}") = "LVGLSharp.Forms", "src\LVGLSharp.WinForms\LVGLSharp.Forms.csproj", "{8BFE4E2E-D0AC-D99A-C1C1-2D3EC0F12838}"
EndProject
Project("{2150E333-8FDC-42A3-9474-1A3956D46DE8}") = "解决方案项", "解决方案项", "{34EF8BC5-CA73-4729-8C30-9D6541AAC6BB}"
	ProjectSection(SolutionItems) = preProject
		.github\copilot-instructions.md = .github\copilot-instructions.md
		LICENSE.txt = LICENSE.txt
		.github\workflows\nuget-publish.yml = .github\workflows\nuget-publish.yml
		README.md = README.md
		README_en.md = README_en.md
	EndProjectSection
EndProject
Project("{FAE04EC0-301F-11D3-BF4B-00C04F79EFBC}") = "LVGLSharp.Native", "src\LVGLSharp.Native\LVGLSharp.Native.csproj", "{2B32AEB2-CD15-67F8-4EA3-47A795FBCB12}"
EndProject
Project("{FAE04EC0-301F-11D3-BF4B-00C04F79EFBC}") = "PictureBoxDemo", "src\Demos\PictureBoxDemo\PictureBoxDemo.csproj", "{F243F821-433D-713A-7637-8A06BF6B5DC5}"
EndProject
Project("{FAE04EC0-301F-11D3-BF4B-00C04F79EFBC}") = "LVGLSharp.Analyzers", "src\LVGLSharp.Analyzers\LVGLSharp.Analyzers.csproj", "{C61A88A7-BF41-6130-E711-D80E32E5E733}"
EndProject
Project("{2150E333-8FDC-42A3-9474-1A3956D46DE8}") = "Share", "Share", "{6C3E5B5C-150A-464A-99C0-193095D42EE2}"
	ProjectSection(SolutionItems) = preProject
		src\Share\lvgl.ico = src\Share\lvgl.ico
		src\Share\lvgl.png = src\Share\lvgl.png
		src\Share\lvgl128x128.ico = src\Share\lvgl128x128.ico
		src\Share\lvgl128x128.png = src\Share\lvgl128x128.png
		src\Share\lvgl32x32.png = src\Share\lvgl32x32.png
		src\Share\lvgl64x64.png = src\Share\lvgl64x64.png
	EndProjectSection
EndProject
Global
	GlobalSection(SolutionConfigurationPlatforms) = preSolution
		Debug|Any CPU = Debug|Any CPU
		Release|Any CPU = Release|Any CPU
	EndGlobalSection
	GlobalSection(ProjectConfigurationPlatforms) = postSolution
		{D065EC18-6DB2-41BF-9573-99E071BB18C5}.Debug|Any CPU.ActiveCfg = Debug|Any CPU
		{D065EC18-6DB2-41BF-9573-99E071BB18C5}.Debug|Any CPU.Build.0 = Debug|Any CPU
		{D065EC18-6DB2-41BF-9573-99E071BB18C5}.Release|Any CPU.ActiveCfg = Release|Any CPU
		{D065EC18-6DB2-41BF-9573-99E071BB18C5}.Release|Any CPU.Build.0 = Release|Any CPU
		{D371C54A-E3C9-40EB-BCBD-9FEDB246AE76}.Debug|Any CPU.ActiveCfg = Debug|Any CPU
		{D371C54A-E3C9-40EB-BCBD-9FEDB246AE76}.Debug|Any CPU.Build.0 = Debug|Any CPU
		{D371C54A-E3C9-40EB-BCBD-9FEDB246AE76}.Release|Any CPU.ActiveCfg = Release|Any CPU
		{D371C54A-E3C9-40EB-BCBD-9FEDB246AE76}.Release|Any CPU.Build.0 = Release|Any CPU
		{91F173AD-9AF0-F87F-FEF3-7E4742BABCB3}.Debug|Any CPU.ActiveCfg = Debug|Any CPU
		{91F173AD-9AF0-F87F-FEF3-7E4742BABCB3}.Debug|Any CPU.Build.0 = Debug|Any CPU
		{91F173AD-9AF0-F87F-FEF3-7E4742BABCB3}.Release|Any CPU.ActiveCfg = Release|Any CPU
		{91F173AD-9AF0-F87F-FEF3-7E4742BABCB3}.Release|Any CPU.Build.0 = Release|Any CPU
		{8836E179-4FC7-4EAD-AD1B-91BFA30DD3F7}.Debug|Any CPU.ActiveCfg = Debug|Any CPU
		{8836E179-4FC7-4EAD-AD1B-91BFA30DD3F7}.Debug|Any CPU.Build.0 = Debug|Any CPU
		{8836E179-4FC7-4EAD-AD1B-91BFA30DD3F7}.Release|Any CPU.ActiveCfg = Release|Any CPU
		{8836E179-4FC7-4EAD-AD1B-91BFA30DD3F7}.Release|Any CPU.Build.0 = Release|Any CPU
		{6EF0D260-CD1A-5486-DB08-B17DB37F29D7}.Debug|Any CPU.ActiveCfg = Debug|Any CPU
		{6EF0D260-CD1A-5486-DB08-B17DB37F29D7}.Debug|Any CPU.Build.0 = Debug|Any CPU
		{6EF0D260-CD1A-5486-DB08-B17DB37F29D7}.Release|Any CPU.ActiveCfg = Release|Any CPU
		{6EF0D260-CD1A-5486-DB08-B17DB37F29D7}.Release|Any CPU.Build.0 = Release|Any CPU
		{8A4F7729-413F-4FCE-9722-510825308631}.Debug|Any CPU.ActiveCfg = Debug|Any CPU
		{8A4F7729-413F-4FCE-9722-510825308631}.Debug|Any CPU.Build.0 = Debug|Any CPU
		{8A4F7729-413F-4FCE-9722-510825308631}.Release|Any CPU.ActiveCfg = Release|Any CPU
		{8A4F7729-413F-4FCE-9722-510825308631}.Release|Any CPU.Build.0 = Release|Any CPU
		{8BFE4E2E-D0AC-D99A-C1C1-2D3EC0F12838}.Debug|Any CPU.ActiveCfg = Debug|Any CPU
		{8BFE4E2E-D0AC-D99A-C1C1-2D3EC0F12838}.Debug|Any CPU.Build.0 = Debug|Any CPU
		{8BFE4E2E-D0AC-D99A-C1C1-2D3EC0F12838}.Release|Any CPU.ActiveCfg = Release|Any CPU
		{8BFE4E2E-D0AC-D99A-C1C1-2D3EC0F12838}.Release|Any CPU.Build.0 = Release|Any CPU
		{2B32AEB2-CD15-67F8-4EA3-47A795FBCB12}.Debug|Any CPU.ActiveCfg = Debug|Any CPU
		{2B32AEB2-CD15-67F8-4EA3-47A795FBCB12}.Debug|Any CPU.Build.0 = Debug|Any CPU
		{2B32AEB2-CD15-67F8-4EA3-47A795FBCB12}.Release|Any CPU.ActiveCfg = Release|Any CPU
		{2B32AEB2-CD15-67F8-4EA3-47A795FBCB12}.Release|Any CPU.Build.0 = Release|Any CPU
		{F243F821-433D-713A-7637-8A06BF6B5DC5}.Debug|Any CPU.ActiveCfg = Debug|Any CPU
		{F243F821-433D-713A-7637-8A06BF6B5DC5}.Debug|Any CPU.Build.0 = Debug|Any CPU
		{F243F821-433D-713A-7637-8A06BF6B5DC5}.Release|Any CPU.ActiveCfg = Release|Any CPU
		{F243F821-433D-713A-7637-8A06BF6B5DC5}.Release|Any CPU.Build.0 = Release|Any CPU
		{C61A88A7-BF41-6130-E711-D80E32E5E733}.Debug|Any CPU.ActiveCfg = Debug|Any CPU
		{C61A88A7-BF41-6130-E711-D80E32E5E733}.Debug|Any CPU.Build.0 = Debug|Any CPU
		{C61A88A7-BF41-6130-E711-D80E32E5E733}.Release|Any CPU.ActiveCfg = Release|Any CPU
		{C61A88A7-BF41-6130-E711-D80E32E5E733}.Release|Any CPU.Build.0 = Release|Any CPU
	EndGlobalSection
	GlobalSection(SolutionProperties) = preSolution
		HideSolutionNode = FALSE
	EndGlobalSection
	GlobalSection(NestedProjects) = preSolution
		{D371C54A-E3C9-40EB-BCBD-9FEDB246AE76} = {02EA681E-C7D8-13C7-8484-4AC65E1B71E8}
		{8A4F7729-413F-4FCE-9722-510825308631} = {02EA681E-C7D8-13C7-8484-4AC65E1B71E8}
		{F243F821-433D-713A-7637-8A06BF6B5DC5} = {02EA681E-C7D8-13C7-8484-4AC65E1B71E8}
	EndGlobalSection
	GlobalSection(ExtensibilityGlobals) = postSolution
		SolutionGuid = {03A6E35C-AA75-408E-ABBE-C67319A14A6A}
	EndGlobalSection
EndGlobal
